// !$*UTF8*$!
{
	archiveVersion = 1;
	classes = {
	};
	objectVersion = 56;
	objects = {

/* Begin PBXBuildFile section */
		0D0C049D2A6521AF003FADC8 /* SecondViewController.swift in Sources */ = {isa = PBXBuildFile; fileRef = 0D0C049C2A6521AF003FADC8 /* SecondViewController.swift */; };
		0D0C04A12A657EB3003FADC8 /* EMobiDelegate.swift in Sources */ = {isa = PBXBuildFile; fileRef = 0D0C04A02A657EB3003FADC8 /* EMobiDelegate.swift */; };
		0D3801AE2A6124F400EFE050 /* AppLovinManager.swift in Sources */ = {isa = PBXBuildFile; fileRef = 0D3801AD2A6124F400EFE050 /* AppLovinManager.swift */; };
		0D3A01442A5D458B001D974E /* AdjustDelegateHandler.swift in Sources */ = {isa = PBXBuildFile; fileRef = 0D3A01432A5D458B001D974E /* AdjustDelegateHandler.swift */; };
		0D4114422A694633005E5AF9 /* GoogleService-Info.plist in Resources */ = {isa = PBXBuildFile; fileRef = 0D4114412A694633005E5AF9 /* GoogleService-Info.plist */; };
		0D4B91A02A6814DF004EC582 /* PurchaselyManager.swift in Sources */ = {isa = PBXBuildFile; fileRef = 0D4B919F2A6814DF004EC582 /* PurchaselyManager.swift */; };
		0D4B91A22A681877004EC582 /* AdjustManager.swift in Sources */ = {isa = PBXBuildFile; fileRef = 0D4B91A12A681877004EC582 /* AdjustManager.swift */; };
		0D88E6792A6D377F00C570CF /* AdSupport.framework in Frameworks */ = {isa = PBXBuildFile; fileRef = 0D88E6782A6D377F00C570CF /* AdSupport.framework */; };
		0D88E67B2A6D379A00C570CF /* AdServices.framework in Frameworks */ = {isa = PBXBuildFile; fileRef = 0D88E67A2A6D379900C570CF /* AdServices.framework */; };
		0D88E67C2A6D37AA00C570CF /* StoreKit.framework in Frameworks */ = {isa = PBXBuildFile; fileRef = 0DAEB3812A5AF19400C38DD9 /* StoreKit.framework */; };
		0D88E67E2A6D37C600C570CF /* AppTrackingTransparency.framework in Frameworks */ = {isa = PBXBuildFile; fileRef = 0D88E67D2A6D37C500C570CF /* AppTrackingTransparency.framework */; };
		0DAEB3642A5AF08A00C38DD9 /* AppDelegate.swift in Sources */ = {isa = PBXBuildFile; fileRef = 0DAEB3632A5AF08A00C38DD9 /* AppDelegate.swift */; };
		0DAEB3662A5AF08A00C38DD9 /* SceneDelegate.swift in Sources */ = {isa = PBXBuildFile; fileRef = 0DAEB3652A5AF08A00C38DD9 /* SceneDelegate.swift */; };
		0DAEB3682A5AF08A00C38DD9 /* ViewController.swift in Sources */ = {isa = PBXBuildFile; fileRef = 0DAEB3672A5AF08A00C38DD9 /* ViewController.swift */; };
		0DAEB36B2A5AF08A00C38DD9 /* Main.storyboard in Resources */ = {isa = PBXBuildFile; fileRef = 0DAEB3692A5AF08A00C38DD9 /* Main.storyboard */; };
		0DAEB36D2A5AF08B00C38DD9 /* Assets.xcassets in Resources */ = {isa = PBXBuildFile; fileRef = 0DAEB36C2A5AF08B00C38DD9 /* Assets.xcassets */; };
		0DAEB3702A5AF08B00C38DD9 /* LaunchScreen.storyboard in Resources */ = {isa = PBXBuildFile; fileRef = 0DAEB36E2A5AF08B00C38DD9 /* LaunchScreen.storyboard */; };
		0DAEB37C2A5AF14E00C38DD9 /* Utils.swift in Sources */ = {isa = PBXBuildFile; fileRef = 0DAEB3782A5AF14E00C38DD9 /* Utils.swift */; };
		0DAEB37D2A5AF14E00C38DD9 /* Constants.swift in Sources */ = {isa = PBXBuildFile; fileRef = 0DAEB3792A5AF14E00C38DD9 /* Constants.swift */; };
		0DAEB37F2A5AF14E00C38DD9 /* EMobi.swift in Sources */ = {isa = PBXBuildFile; fileRef = 0DAEB37B2A5AF14E00C38DD9 /* EMobi.swift */; };
		0DAEB3822A5AF19400C38DD9 /* StoreKit.framework in Frameworks */ = {isa = PBXBuildFile; fileRef = 0DAEB3812A5AF19400C38DD9 /* StoreKit.framework */; };
		BE8D9FF85DC9C4D37EA455D4 /* Pods_ENG.framework in Frameworks */ = {isa = PBXBuildFile; fileRef = F2F520D506DAAFC89A040939 /* Pods_ENG.framework */; };
/* End PBXBuildFile section */

/* Begin PBXFileReference section */
		0D0C049C2A6521AF003FADC8 /* SecondViewController.swift */ = {isa = PBXFileReference; lastKnownFileType = sourcecode.swift; path = SecondViewController.swift; sourceTree = "<group>"; };
		0D0C04A02A657EB3003FADC8 /* EMobiDelegate.swift */ = {isa = PBXFileReference; lastKnownFileType = sourcecode.swift; path = EMobiDelegate.swift; sourceTree = "<group>"; };
		0D3801AD2A6124F400EFE050 /* AppLovinManager.swift */ = {isa = PBXFileReference; lastKnownFileType = sourcecode.swift; path = AppLovinManager.swift; sourceTree = "<group>"; };
		0D3A01432A5D458B001D974E /* AdjustDelegateHandler.swift */ = {isa = PBXFileReference; fileEncoding = 4; lastKnownFileType = sourcecode.swift; path = AdjustDelegateHandler.swift; sourceTree = "<group>"; };
		0D4114412A694633005E5AF9 /* GoogleService-Info.plist */ = {isa = PBXFileReference; fileEncoding = 4; lastKnownFileType = text.plist.xml; path = "GoogleService-Info.plist"; sourceTree = "<group>"; };
		0D4B919F2A6814DF004EC582 /* PurchaselyManager.swift */ = {isa = PBXFileReference; lastKnownFileType = sourcecode.swift; path = PurchaselyManager.swift; sourceTree = "<group>"; };
		0D4B91A12A681877004EC582 /* AdjustManager.swift */ = {isa = PBXFileReference; lastKnownFileType = sourcecode.swift; path = AdjustManager.swift; sourceTree = "<group>"; };
		0D88E6782A6D377F00C570CF /* AdSupport.framework */ = {isa = PBXFileReference; lastKnownFileType = wrapper.framework; name = AdSupport.framework; path = System/Library/Frameworks/AdSupport.framework; sourceTree = SDKROOT; };
		0D88E67A2A6D379900C570CF /* AdServices.framework */ = {isa = PBXFileReference; lastKnownFileType = wrapper.framework; name = AdServices.framework; path = System/Library/Frameworks/AdServices.framework; sourceTree = SDKROOT; };
		0D88E67D2A6D37C500C570CF /* AppTrackingTransparency.framework */ = {isa = PBXFileReference; lastKnownFileType = wrapper.framework; name = AppTrackingTransparency.framework; path = System/Library/Frameworks/AppTrackingTransparency.framework; sourceTree = SDKROOT; };
		0DAEB3602A5AF08A00C38DD9 /* ENG.app */ = {isa = PBXFileReference; explicitFileType = wrapper.application; includeInIndex = 0; path = ENG.app; sourceTree = BUILT_PRODUCTS_DIR; };
		0DAEB3632A5AF08A00C38DD9 /* AppDelegate.swift */ = {isa = PBXFileReference; lastKnownFileType = sourcecode.swift; path = AppDelegate.swift; sourceTree = "<group>"; };
		0DAEB3652A5AF08A00C38DD9 /* SceneDelegate.swift */ = {isa = PBXFileReference; lastKnownFileType = sourcecode.swift; path = SceneDelegate.swift; sourceTree = "<group>"; };
		0DAEB3672A5AF08A00C38DD9 /* ViewController.swift */ = {isa = PBXFileReference; lastKnownFileType = sourcecode.swift; path = ViewController.swift; sourceTree = "<group>"; };
		0DAEB36A2A5AF08A00C38DD9 /* Base */ = {isa = PBXFileReference; lastKnownFileType = file.storyboard; name = Base; path = Base.lproj/Main.storyboard; sourceTree = "<group>"; };
		0DAEB36C2A5AF08B00C38DD9 /* Assets.xcassets */ = {isa = PBXFileReference; lastKnownFileType = folder.assetcatalog; path = Assets.xcassets; sourceTree = "<group>"; };
		0DAEB36F2A5AF08B00C38DD9 /* Base */ = {isa = PBXFileReference; lastKnownFileType = file.storyboard; name = Base; path = Base.lproj/LaunchScreen.storyboard; sourceTree = "<group>"; };
		0DAEB3712A5AF08B00C38DD9 /* Info.plist */ = {isa = PBXFileReference; lastKnownFileType = text.plist.xml; path = Info.plist; sourceTree = "<group>"; };
		0DAEB3782A5AF14E00C38DD9 /* Utils.swift */ = {isa = PBXFileReference; fileEncoding = 4; lastKnownFileType = sourcecode.swift; path = Utils.swift; sourceTree = "<group>"; };
		0DAEB3792A5AF14E00C38DD9 /* Constants.swift */ = {isa = PBXFileReference; fileEncoding = 4; lastKnownFileType = sourcecode.swift; path = Constants.swift; sourceTree = "<group>"; };
		0DAEB37B2A5AF14E00C38DD9 /* EMobi.swift */ = {isa = PBXFileReference; fileEncoding = 4; lastKnownFileType = sourcecode.swift; path = EMobi.swift; sourceTree = "<group>"; };
		0DAEB3802A5AF18A00C38DD9 /* ENG.entitlements */ = {isa = PBXFileReference; lastKnownFileType = text.plist.entitlements; path = ENG.entitlements; sourceTree = "<group>"; };
		0DAEB3812A5AF19400C38DD9 /* StoreKit.framework */ = {isa = PBXFileReference; lastKnownFileType = wrapper.framework; name = StoreKit.framework; path = System/Library/Frameworks/StoreKit.framework; sourceTree = SDKROOT; };
		20AF035DFE4D759535EBEDFA /* Pods-ENG.debug.xcconfig */ = {isa = PBXFileReference; includeInIndex = 1; lastKnownFileType = text.xcconfig; name = "Pods-ENG.debug.xcconfig"; path = "Target Support Files/Pods-ENG/Pods-ENG.debug.xcconfig"; sourceTree = "<group>"; };
		A437839E04ABC7AB7B73121B /* Pods-ENG.release.xcconfig */ = {isa = PBXFileReference; includeInIndex = 1; lastKnownFileType = text.xcconfig; name = "Pods-ENG.release.xcconfig"; path = "Target Support Files/Pods-ENG/Pods-ENG.release.xcconfig"; sourceTree = "<group>"; };
		F2F520D506DAAFC89A040939 /* Pods_ENG.framework */ = {isa = PBXFileReference; explicitFileType = wrapper.framework; includeInIndex = 0; path = Pods_ENG.framework; sourceTree = BUILT_PRODUCTS_DIR; };
/* End PBXFileReference section */

/* Begin PBXFrameworksBuildPhase section */
		0DAEB35D2A5AF08A00C38DD9 /* Frameworks */ = {
			isa = PBXFrameworksBuildPhase;
			buildActionMask = 2147483647;
			files = (
				0D88E67B2A6D379A00C570CF /* AdServices.framework in Frameworks */,
				0D88E67C2A6D37AA00C570CF /* StoreKit.framework in Frameworks */,
				0D88E67E2A6D37C600C570CF /* AppTrackingTransparency.framework in Frameworks */,
				0DAEB3822A5AF19400C38DD9 /* StoreKit.framework in Frameworks */,
				0D88E6792A6D377F00C570CF /* AdSupport.framework in Frameworks */,
				BE8D9FF85DC9C4D37EA455D4 /* Pods_ENG.framework in Frameworks */,
			);
			runOnlyForDeploymentPostprocessing = 0;
		};
/* End PBXFrameworksBuildPhase section */

/* Begin PBXGroup section */
		0DAEB3572A5AF08A00C38DD9 = {
			isa = PBXGroup;
			children = (
				0DAEB3622A5AF08A00C38DD9 /* ENG */,
				0DAEB3612A5AF08A00C38DD9 /* Products */,
				BB8F64D48A5DE7777B04E50A /* Pods */,
				F7162D20DD7AA385B59CB2E9 /* Frameworks */,
			);
			sourceTree = "<group>";
		};
		0DAEB3612A5AF08A00C38DD9 /* Products */ = {
			isa = PBXGroup;
			children = (
				0DAEB3602A5AF08A00C38DD9 /* ENG.app */,
			);
			name = Products;
			sourceTree = "<group>";
		};
		0DAEB3622A5AF08A00C38DD9 /* ENG */ = {
			isa = PBXGroup;
			children = (
				0DAEB3712A5AF08B00C38DD9 /* Info.plist */,
				0D4114412A694633005E5AF9 /* GoogleService-Info.plist */,
				0DAEB3802A5AF18A00C38DD9 /* ENG.entitlements */,
				0DAEB3772A5AF10900C38DD9 /* SDK */,
				0DAEB3632A5AF08A00C38DD9 /* AppDelegate.swift */,
				0DAEB3652A5AF08A00C38DD9 /* SceneDelegate.swift */,
				0DAEB3672A5AF08A00C38DD9 /* ViewController.swift */,
				0D0C049C2A6521AF003FADC8 /* SecondViewController.swift */,
				0DAEB3692A5AF08A00C38DD9 /* Main.storyboard */,
				0DAEB36C2A5AF08B00C38DD9 /* Assets.xcassets */,
				0DAEB36E2A5AF08B00C38DD9 /* LaunchScreen.storyboard */,
			);
			path = ENG;
			sourceTree = "<group>";
		};
		0DAEB3772A5AF10900C38DD9 /* SDK */ = {
			isa = PBXGroup;
			children = (
				0DAEB37B2A5AF14E00C38DD9 /* EMobi.swift */,
				0DAEB3782A5AF14E00C38DD9 /* Utils.swift */,
				0DAEB3792A5AF14E00C38DD9 /* Constants.swift */,
				0D3A01432A5D458B001D974E /* AdjustDelegateHandler.swift */,
				0D3801AD2A6124F400EFE050 /* AppLovinManager.swift */,
				0D0C04A02A657EB3003FADC8 /* EMobiDelegate.swift */,
				0D4B919F2A6814DF004EC582 /* PurchaselyManager.swift */,
				0D4B91A12A681877004EC582 /* AdjustManager.swift */,
			);
			path = SDK;
			sourceTree = "<group>";
		};
		BB8F64D48A5DE7777B04E50A /* Pods */ = {
			isa = PBXGroup;
			children = (
				20AF035DFE4D759535EBEDFA /* Pods-ENG.debug.xcconfig */,
				A437839E04ABC7AB7B73121B /* Pods-ENG.release.xcconfig */,
			);
			path = Pods;
			sourceTree = "<group>";
		};
		F7162D20DD7AA385B59CB2E9 /* Frameworks */ = {
			isa = PBXGroup;
			children = (
				0D88E67D2A6D37C500C570CF /* AppTrackingTransparency.framework */,
				0D88E67A2A6D379900C570CF /* AdServices.framework */,
				0D88E6782A6D377F00C570CF /* AdSupport.framework */,
				0DAEB3812A5AF19400C38DD9 /* StoreKit.framework */,
				F2F520D506DAAFC89A040939 /* Pods_ENG.framework */,
			);
			name = Frameworks;
			sourceTree = "<group>";
		};
/* End PBXGroup section */

/* Begin PBXNativeTarget section */
		0DAEB35F2A5AF08A00C38DD9 /* ENG */ = {
			isa = PBXNativeTarget;
			buildConfigurationList = 0DAEB3742A5AF08B00C38DD9 /* Build configuration list for PBXNativeTarget "ENG" */;
			buildPhases = (
				67DEE70DA7F9D6E869578331 /* [CP] Check Pods Manifest.lock */,
				0DAEB35C2A5AF08A00C38DD9 /* Sources */,
				0DAEB35D2A5AF08A00C38DD9 /* Frameworks */,
				0DAEB35E2A5AF08A00C38DD9 /* Resources */,
				4B762D66E7FC74274E4FFACD /* [CP] Embed Pods Frameworks */,
				EEF2CC862382C3DAB3549257 /* [CP] Copy Pods Resources */,
			);
			buildRules = (
			);
			dependencies = (
			);
			name = ENG;
			productName = ENG;
			productReference = 0DAEB3602A5AF08A00C38DD9 /* ENG.app */;
			productType = "com.apple.product-type.application";
		};
/* End PBXNativeTarget section */

/* Begin PBXProject section */
		0DAEB3582A5AF08A00C38DD9 /* Project object */ = {
			isa = PBXProject;
			attributes = {
				BuildIndependentTargetsInParallel = 1;
				LastSwiftUpdateCheck = 1430;
				LastUpgradeCheck = 1430;
				TargetAttributes = {
					0DAEB35F2A5AF08A00C38DD9 = {
						CreatedOnToolsVersion = 14.3.1;
					};
				};
			};
			buildConfigurationList = 0DAEB35B2A5AF08A00C38DD9 /* Build configuration list for PBXProject "ENG" */;
			compatibilityVersion = "Xcode 14.0";
			developmentRegion = en;
			hasScannedForEncodings = 0;
			knownRegions = (
				en,
				Base,
			);
			mainGroup = 0DAEB3572A5AF08A00C38DD9;
			productRefGroup = 0DAEB3612A5AF08A00C38DD9 /* Products */;
			projectDirPath = "";
			projectRoot = "";
			targets = (
				0DAEB35F2A5AF08A00C38DD9 /* ENG */,
			);
		};
/* End PBXProject section */

/* Begin PBXResourcesBuildPhase section */
		0DAEB35E2A5AF08A00C38DD9 /* Resources */ = {
			isa = PBXResourcesBuildPhase;
			buildActionMask = 2147483647;
			files = (
				0DAEB3702A5AF08B00C38DD9 /* LaunchScreen.storyboard in Resources */,
				0DAEB36D2A5AF08B00C38DD9 /* Assets.xcassets in Resources */,
				0DAEB36B2A5AF08A00C38DD9 /* Main.storyboard in Resources */,
				0D4114422A694633005E5AF9 /* GoogleService-Info.plist in Resources */,
			);
			runOnlyForDeploymentPostprocessing = 0;
		};
/* End PBXResourcesBuildPhase section */

/* Begin PBXShellScriptBuildPhase section */
		4B762D66E7FC74274E4FFACD /* [CP] Embed Pods Frameworks */ = {
			isa = PBXShellScriptBuildPhase;
			buildActionMask = 2147483647;
			files = (
			);
			inputFileListPaths = (
				"${PODS_ROOT}/Target Support Files/Pods-ENG/Pods-ENG-frameworks-${CONFIGURATION}-input-files.xcfilelist",
			);
			name = "[CP] Embed Pods Frameworks";
			outputFileListPaths = (
				"${PODS_ROOT}/Target Support Files/Pods-ENG/Pods-ENG-frameworks-${CONFIGURATION}-output-files.xcfilelist",
			);
			runOnlyForDeploymentPostprocessing = 0;
			shellPath = /bin/sh;
			shellScript = "\"${PODS_ROOT}/Target Support Files/Pods-ENG/Pods-ENG-frameworks.sh\"\n";
			showEnvVarsInLog = 0;
		};
		67DEE70DA7F9D6E869578331 /* [CP] Check Pods Manifest.lock */ = {
			isa = PBXShellScriptBuildPhase;
			buildActionMask = 2147483647;
			files = (
			);
			inputFileListPaths = (
			);
			inputPaths = (
				"${PODS_PODFILE_DIR_PATH}/Podfile.lock",
				"${PODS_ROOT}/Manifest.lock",
			);
			name = "[CP] Check Pods Manifest.lock";
			outputFileListPaths = (
			);
			outputPaths = (
				"$(DERIVED_FILE_DIR)/Pods-ENG-checkManifestLockResult.txt",
			);
			runOnlyForDeploymentPostprocessing = 0;
			shellPath = /bin/sh;
			shellScript = "diff \"${PODS_PODFILE_DIR_PATH}/Podfile.lock\" \"${PODS_ROOT}/Manifest.lock\" > /dev/null\nif [ $? != 0 ] ; then\n    # print error to STDERR\n    echo \"error: The sandbox is not in sync with the Podfile.lock. Run 'pod install' or update your CocoaPods installation.\" >&2\n    exit 1\nfi\n# This output is used by Xcode 'outputs' to avoid re-running this script phase.\necho \"SUCCESS\" > \"${SCRIPT_OUTPUT_FILE_0}\"\n";
			showEnvVarsInLog = 0;
		};
		EEF2CC862382C3DAB3549257 /* [CP] Copy Pods Resources */ = {
			isa = PBXShellScriptBuildPhase;
			buildActionMask = 2147483647;
			files = (
			);
			inputFileListPaths = (
				"${PODS_ROOT}/Target Support Files/Pods-ENG/Pods-ENG-resources-${CONFIGURATION}-input-files.xcfilelist",
			);
			name = "[CP] Copy Pods Resources";
			outputFileListPaths = (
				"${PODS_ROOT}/Target Support Files/Pods-ENG/Pods-ENG-resources-${CONFIGURATION}-output-files.xcfilelist",
			);
			runOnlyForDeploymentPostprocessing = 0;
			shellPath = /bin/sh;
			shellScript = "\"${PODS_ROOT}/Target Support Files/Pods-ENG/Pods-ENG-resources.sh\"\n";
			showEnvVarsInLog = 0;
		};
/* End PBXShellScriptBuildPhase section */

/* Begin PBXSourcesBuildPhase section */
		0DAEB35C2A5AF08A00C38DD9 /* Sources */ = {
			isa = PBXSourcesBuildPhase;
			buildActionMask = 2147483647;
			files = (
				0D0C04A12A657EB3003FADC8 /* EMobiDelegate.swift in Sources */,
				0D3801AE2A6124F400EFE050 /* AppLovinManager.swift in Sources */,
				0D3A01442A5D458B001D974E /* AdjustDelegateHandler.swift in Sources */,
				0DAEB37F2A5AF14E00C38DD9 /* EMobi.swift in Sources */,
				0D4B91A22A681877004EC582 /* AdjustManager.swift in Sources */,
				0DAEB37D2A5AF14E00C38DD9 /* Constants.swift in Sources */,
				0D4B91A02A6814DF004EC582 /* PurchaselyManager.swift in Sources */,
				0DAEB3682A5AF08A00C38DD9 /* ViewController.swift in Sources */,
				0DAEB3642A5AF08A00C38DD9 /* AppDelegate.swift in Sources */,
				0DAEB3662A5AF08A00C38DD9 /* SceneDelegate.swift in Sources */,
				0D0C049D2A6521AF003FADC8 /* SecondViewController.swift in Sources */,
				0DAEB37C2A5AF14E00C38DD9 /* Utils.swift in Sources */,
			);
			runOnlyForDeploymentPostprocessing = 0;
		};
/* End PBXSourcesBuildPhase section */

/* Begin PBXVariantGroup section */
		0DAEB3692A5AF08A00C38DD9 /* Main.storyboard */ = {
			isa = PBXVariantGroup;
			children = (
				0DAEB36A2A5AF08A00C38DD9 /* Base */,
			);
			name = Main.storyboard;
			sourceTree = "<group>";
		};
		0DAEB36E2A5AF08B00C38DD9 /* LaunchScreen.storyboard */ = {
			isa = PBXVariantGroup;
			children = (
				0DAEB36F2A5AF08B00C38DD9 /* Base */,
			);
			name = LaunchScreen.storyboard;
			sourceTree = "<group>";
		};
/* End PBXVariantGroup section */

/* Begin XCBuildConfiguration section */
		0DAEB3722A5AF08B00C38DD9 /* Debug */ = {
			isa = XCBuildConfiguration;
			buildSettings = {
				ALWAYS_SEARCH_USER_PATHS = NO;
				CLANG_ANALYZER_NONNULL = YES;
				CLANG_ANALYZER_NUMBER_OBJECT_CONVERSION = YES_AGGRESSIVE;
				CLANG_CXX_LANGUAGE_STANDARD = "gnu++20";
				CLANG_ENABLE_MODULES = YES;
				CLANG_ENABLE_OBJC_ARC = YES;
				CLANG_ENABLE_OBJC_WEAK = YES;
				CLANG_WARN_BLOCK_CAPTURE_AUTORELEASING = YES;
				CLANG_WARN_BOOL_CONVERSION = YES;
				CLANG_WARN_COMMA = YES;
				CLANG_WARN_CONSTANT_CONVERSION = YES;
				CLANG_WARN_DEPRECATED_OBJC_IMPLEMENTATIONS = YES;
				CLANG_WARN_DIRECT_OBJC_ISA_USAGE = YES_ERROR;
				CLANG_WARN_DOCUMENTATION_COMMENTS = YES;
				CLANG_WARN_EMPTY_BODY = YES;
				CLANG_WARN_ENUM_CONVERSION = YES;
				CLANG_WARN_INFINITE_RECURSION = YES;
				CLANG_WARN_INT_CONVERSION = YES;
				CLANG_WARN_NON_LITERAL_NULL_CONVERSION = YES;
				CLANG_WARN_OBJC_IMPLICIT_RETAIN_SELF = YES;
				CLANG_WARN_OBJC_LITERAL_CONVERSION = YES;
				CLANG_WARN_OBJC_ROOT_CLASS = YES_ERROR;
				CLANG_WARN_QUOTED_INCLUDE_IN_FRAMEWORK_HEADER = YES;
				CLANG_WARN_RANGE_LOOP_ANALYSIS = YES;
				CLANG_WARN_STRICT_PROTOTYPES = YES;
				CLANG_WARN_SUSPICIOUS_MOVE = YES;
				CLANG_WARN_UNGUARDED_AVAILABILITY = YES_AGGRESSIVE;
				CLANG_WARN_UNREACHABLE_CODE = YES;
				CLANG_WARN__DUPLICATE_METHOD_MATCH = YES;
				COPY_PHASE_STRIP = NO;
				DEBUG_INFORMATION_FORMAT = dwarf;
				ENABLE_STRICT_OBJC_MSGSEND = YES;
				ENABLE_TESTABILITY = YES;
				GCC_C_LANGUAGE_STANDARD = gnu11;
				GCC_DYNAMIC_NO_PIC = NO;
				GCC_NO_COMMON_BLOCKS = YES;
				GCC_OPTIMIZATION_LEVEL = 0;
				GCC_PREPROCESSOR_DEFINITIONS = (
					"DEBUG=1",
					"$(inherited)",
				);
				GCC_WARN_64_TO_32_BIT_CONVERSION = YES;
				GCC_WARN_ABOUT_RETURN_TYPE = YES_ERROR;
				GCC_WARN_UNDECLARED_SELECTOR = YES;
				GCC_WARN_UNINITIALIZED_AUTOS = YES_AGGRESSIVE;
				GCC_WARN_UNUSED_FUNCTION = YES;
				GCC_WARN_UNUSED_VARIABLE = YES;
				IPHONEOS_DEPLOYMENT_TARGET = 16.4;
				MTL_ENABLE_DEBUG_INFO = INCLUDE_SOURCE;
				MTL_FAST_MATH = YES;
				ONLY_ACTIVE_ARCH = YES;
				SDKROOT = iphoneos;
				SWIFT_ACTIVE_COMPILATION_CONDITIONS = DEBUG;
				SWIFT_OPTIMIZATION_LEVEL = "-Onone";
			};
			name = Debug;
		};
		0DAEB3732A5AF08B00C38DD9 /* Release */ = {
			isa = XCBuildConfiguration;
			buildSettings = {
				ALWAYS_SEARCH_USER_PATHS = NO;
				CLANG_ANALYZER_NONNULL = YES;
				CLANG_ANALYZER_NUMBER_OBJECT_CONVERSION = YES_AGGRESSIVE;
				CLANG_CXX_LANGUAGE_STANDARD = "gnu++20";
				CLANG_ENABLE_MODULES = YES;
				CLANG_ENABLE_OBJC_ARC = YES;
				CLANG_ENABLE_OBJC_WEAK = YES;
				CLANG_WARN_BLOCK_CAPTURE_AUTORELEASING = YES;
				CLANG_WARN_BOOL_CONVERSION = YES;
				CLANG_WARN_COMMA = YES;
				CLANG_WARN_CONSTANT_CONVERSION = YES;
				CLANG_WARN_DEPRECATED_OBJC_IMPLEMENTATIONS = YES;
				CLANG_WARN_DIRECT_OBJC_ISA_USAGE = YES_ERROR;
				CLANG_WARN_DOCUMENTATION_COMMENTS = YES;
				CLANG_WARN_EMPTY_BODY = YES;
				CLANG_WARN_ENUM_CONVERSION = YES;
				CLANG_WARN_INFINITE_RECURSION = YES;
				CLANG_WARN_INT_CONVERSION = YES;
				CLANG_WARN_NON_LITERAL_NULL_CONVERSION = YES;
				CLANG_WARN_OBJC_IMPLICIT_RETAIN_SELF = YES;
				CLANG_WARN_OBJC_LITERAL_CONVERSION = YES;
				CLANG_WARN_OBJC_ROOT_CLASS = YES_ERROR;
				CLANG_WARN_QUOTED_INCLUDE_IN_FRAMEWORK_HEADER = YES;
				CLANG_WARN_RANGE_LOOP_ANALYSIS = YES;
				CLANG_WARN_STRICT_PROTOTYPES = YES;
				CLANG_WARN_SUSPICIOUS_MOVE = YES;
				CLANG_WARN_UNGUARDED_AVAILABILITY = YES_AGGRESSIVE;
				CLANG_WARN_UNREACHABLE_CODE = YES;
				CLANG_WARN__DUPLICATE_METHOD_MATCH = YES;
				COPY_PHASE_STRIP = NO;
				DEBUG_INFORMATION_FORMAT = "dwarf-with-dsym";
				ENABLE_NS_ASSERTIONS = NO;
				ENABLE_STRICT_OBJC_MSGSEND = YES;
				GCC_C_LANGUAGE_STANDARD = gnu11;
				GCC_NO_COMMON_BLOCKS = YES;
				GCC_WARN_64_TO_32_BIT_CONVERSION = YES;
				GCC_WARN_ABOUT_RETURN_TYPE = YES_ERROR;
				GCC_WARN_UNDECLARED_SELECTOR = YES;
				GCC_WARN_UNINITIALIZED_AUTOS = YES_AGGRESSIVE;
				GCC_WARN_UNUSED_FUNCTION = YES;
				GCC_WARN_UNUSED_VARIABLE = YES;
				IPHONEOS_DEPLOYMENT_TARGET = 16.4;
				MTL_ENABLE_DEBUG_INFO = NO;
				MTL_FAST_MATH = YES;
				SDKROOT = iphoneos;
				SWIFT_COMPILATION_MODE = wholemodule;
				SWIFT_OPTIMIZATION_LEVEL = "-O";
				VALIDATE_PRODUCT = YES;
			};
			name = Release;
		};
		0DAEB3752A5AF08B00C38DD9 /* Debug */ = {
			isa = XCBuildConfiguration;
			baseConfigurationReference = 20AF035DFE4D759535EBEDFA /* Pods-ENG.debug.xcconfig */;
			buildSettings = {
				ASSETCATALOG_COMPILER_APPICON_NAME = AppIcon;
				ASSETCATALOG_COMPILER_GLOBAL_ACCENT_COLOR_NAME = AccentColor;
				CODE_SIGN_ENTITLEMENTS = ENG/ENG.entitlements;
				CODE_SIGN_STYLE = Automatic;
				CURRENT_PROJECT_VERSION = 1;
				DEVELOPMENT_TEAM = 67863A5XD9;
				GENERATE_INFOPLIST_FILE = YES;
				INFOPLIST_FILE = ENG/Info.plist;
				INFOPLIST_KEY_NSLocationWhenInUseUsageDescription = "This identifier will be used to deliver personalized ads to you.";
				INFOPLIST_KEY_NSUserTrackingUsageDescription = "This identifier will be used to deliver personalized ads to you.";
				INFOPLIST_KEY_UIApplicationSupportsIndirectInputEvents = YES;
				INFOPLIST_KEY_UILaunchStoryboardName = LaunchScreen;
				INFOPLIST_KEY_UIMainStoryboardFile = Main;
				INFOPLIST_KEY_UISupportedInterfaceOrientations_iPad = "UIInterfaceOrientationPortrait UIInterfaceOrientationPortraitUpsideDown UIInterfaceOrientationLandscapeLeft UIInterfaceOrientationLandscapeRight";
				INFOPLIST_KEY_UISupportedInterfaceOrientations_iPhone = "UIInterfaceOrientationPortrait UIInterfaceOrientationLandscapeLeft UIInterfaceOrientationLandscapeRight";
				IPHONEOS_DEPLOYMENT_TARGET = 13.0;
				LD_RUNPATH_SEARCH_PATHS = (
					"$(inherited)",
					"@executable_path/Frameworks",
				);
				MARKETING_VERSION = 0.9.3;
				PRODUCT_BUNDLE_IDENTIFIER = com.smartmobile.voicechanger;
				PRODUCT_NAME = "$(TARGET_NAME)";
				SWIFT_EMIT_LOC_STRINGS = YES;
				SWIFT_VERSION = 5.0;
				TARGETED_DEVICE_FAMILY = "1,2";
			};
			name = Debug;
		};
		0DAEB3762A5AF08B00C38DD9 /* Release */ = {
			isa = XCBuildConfiguration;
			baseConfigurationReference = A437839E04ABC7AB7B73121B /* Pods-ENG.release.xcconfig */;
			buildSettings = {
				ASSETCATALOG_COMPILER_APPICON_NAME = AppIcon;
				ASSETCATALOG_COMPILER_GLOBAL_ACCENT_COLOR_NAME = AccentColor;
				CODE_SIGN_ENTITLEMENTS = ENG/ENG.entitlements;
				CODE_SIGN_STYLE = Automatic;
				CURRENT_PROJECT_VERSION = 1;
				DEVELOPMENT_TEAM = 67863A5XD9;
				GENERATE_INFOPLIST_FILE = YES;
				INFOPLIST_FILE = ENG/Info.plist;
				INFOPLIST_KEY_NSLocationWhenInUseUsageDescription = "This identifier will be used to deliver personalized ads to you.";
				INFOPLIST_KEY_NSUserTrackingUsageDescription = "This identifier will be used to deliver personalized ads to you.";
				INFOPLIST_KEY_UIApplicationSupportsIndirectInputEvents = YES;
				INFOPLIST_KEY_UILaunchStoryboardName = LaunchScreen;
				INFOPLIST_KEY_UIMainStoryboardFile = Main;
				INFOPLIST_KEY_UISupportedInterfaceOrientations_iPad = "UIInterfaceOrientationPortrait UIInterfaceOrientationPortraitUpsideDown UIInterfaceOrientationLandscapeLeft UIInterfaceOrientationLandscapeRight";
				INFOPLIST_KEY_UISupportedInterfaceOrientations_iPhone = "UIInterfaceOrientationPortrait UIInterfaceOrientationLandscapeLeft UIInterfaceOrientationLandscapeRight";
				IPHONEOS_DEPLOYMENT_TARGET = 13.0;
				LD_RUNPATH_SEARCH_PATHS = (
					"$(inherited)",
					"@executable_path/Frameworks",
				);
				MARKETING_VERSION = 0.9.3;
				PRODUCT_BUNDLE_IDENTIFIER = com.smartmobile.voicechanger;
				PRODUCT_NAME = "$(TARGET_NAME)";
				SWIFT_EMIT_LOC_STRINGS = YES;
				SWIFT_VERSION = 5.0;
				TARGETED_DEVICE_FAMILY = "1,2";
			};
			name = Release;
		};
/* End XCBuildConfiguration section */

/* Begin XCConfigurationList section */
		0DAEB35B2A5AF08A00C38DD9 /* Build configuration list for PBXProject "ENG" */ = {
			isa = XCConfigurationList;
			buildConfigurations = (
				0DAEB3722A5AF08B00C38DD9 /* Debug */,
				0DAEB3732A5AF08B00C38DD9 /* Release */,
			);
			defaultConfigurationIsVisible = 0;
			defaultConfigurationName = Release;
		};
		0DAEB3742A5AF08B00C38DD9 /* Build configuration list for PBXNativeTarget "ENG" */ = {
			isa = XCConfigurationList;
			buildConfigurations = (
				0DAEB3752A5AF08B00C38DD9 /* Debug */,
				0DAEB3762A5AF08B00C38DD9 /* Release */,
			);
			defaultConfigurationIsVisible = 0;
			defaultConfigurationName = Release;
		};
/* End XCConfigurationList section */
	};
	rootObject = 0DAEB3582A5AF08A00C38DD9 /* Project object */;
}
